
Microsoft Visual Studio Solution File, Format Version 12.00
# Visual Studio Version 17
VisualStudioVersion = 17.11.35219.272
MinimumVisualStudioVersion = 10.0.40219.1
Project("{9A19103F-16F7-4668-BE54-9A1E7A4F7556}") = "BookWyrmCMV", "BookWyrmCMV\BookWyrmCMV.csproj", "{7EC55B82-EE75-40DC-8A92-DEECB249156F}"
EndProject
Project("{FAE04EC0-301F-11D3-BF4B-00C04F79EFBC}") = "BookWyrm.DataAccess", "BookWyrm.DataAccess\BookWyrm.DataAccess.csproj", "{CCF3BF35-A8F4-4E1F-B2D7-BEFA3B85FCC9}"
EndProject
Project("{FAE04EC0-301F-11D3-BF4B-00C04F79EFBC}") = "BookWyrm.Models", "BookWyrm.Models\BookWyrm.Models.csproj", "{9A51EB78-014F-4C0D-BF71-45A4C151D21D}"
EndProject
Project("{FAE04EC0-301F-11D3-BF4B-00C04F79EFBC}") = "BookWyrm.Utility", "BookWyrm.Utility\BookWyrm.Utility.csproj", "{E06D35C3-B6EB-4006-81BA-95D54E46B802}"
EndProject
Global
	GlobalSection(SolutionConfigurationPlatforms) = preSolution
		Debug|Any CPU = Debug|Any CPU
		Release|Any CPU = Release|Any CPU
	EndGlobalSection
	GlobalSection(ProjectConfigurationPlatforms) = postSolution
		{7EC55B82-EE75-40DC-8A92-DEECB249156F}.Debug|Any CPU.ActiveCfg = Debug|Any CPU
		{7EC55B82-EE75-40DC-8A92-DEECB249156F}.Debug|Any CPU.Build.0 = Debug|Any CPU
		{7EC55B82-EE75-40DC-8A92-DEECB249156F}.Release|Any CPU.ActiveCfg = Release|Any CPU
		{7EC55B82-EE75-40DC-8A92-DEECB249156F}.Release|Any CPU.Build.0 = Release|Any CPU
		{CCF3BF35-A8F4-4E1F-B2D7-BEFA3B85FCC9}.Debug|Any CPU.ActiveCfg = Debug|Any CPU
		{CCF3BF35-A8F4-4E1F-B2D7-BEFA3B85FCC9}.Debug|Any CPU.Build.0 = Debug|Any CPU
		{CCF3BF35-A8F4-4E1F-B2D7-BEFA3B85FCC9}.Release|Any CPU.ActiveCfg = Release|Any CPU
		{CCF3BF35-A8F4-4E1F-B2D7-BEFA3B85FCC9}.Release|Any CPU.Build.0 = Release|Any CPU
		{9A51EB78-014F-4C0D-BF71-45A4C151D21D}.Debug|Any CPU.ActiveCfg = Debug|Any CPU
		{9A51EB78-014F-4C0D-BF71-45A4C151D21D}.Debug|Any CPU.Build.0 = Debug|Any CPU
		{9A51EB78-014F-4C0D-BF71-45A4C151D21D}.Release|Any CPU.ActiveCfg = Release|Any CPU
		{9A51EB78-014F-4C0D-BF71-45A4C151D21D}.Release|Any CPU.Build.0 = Release|Any CPU
		{E06D35C3-B6EB-4006-81BA-95D54E46B802}.Debug|Any CPU.ActiveCfg = Debug|Any CPU
		{E06D35C3-B6EB-4006-81BA-95D54E46B802}.Debug|Any CPU.Build.0 = Debug|Any CPU
		{E06D35C3-B6EB-4006-81BA-95D54E46B802}.Release|Any CPU.ActiveCfg = Release|Any CPU
		{E06D35C3-B6EB-4006-81BA-95D54E46B802}.Release|Any CPU.Build.0 = Release|Any CPU
	EndGlobalSection
	GlobalSection(SolutionProperties) = preSolution
		HideSolutionNode = FALSE
	EndGlobalSection
	GlobalSection(ExtensibilityGlobals) = postSolution
		SolutionGuid = {ECB69FA3-CDAD-46FC-8FB2-D81731C7BCBA}
	EndGlobalSection
EndGlobal
